
Microsoft Visual Studio Solution File, Format Version 12.00
# Visual Studio Version 16
VisualStudioVersion = 16.0.34902.97
MinimumVisualStudioVersion = 10.0.40219.1
Project("{FAE04EC0-301F-11D3-BF4B-00C04F79EFBC}") = "WpfApp", "WpfApp\WpfApp.csproj", "{EEE463C5-5E1E-4B21-8664-80AD867D95DE}"
EndProject
Global
	GlobalSection(SolutionConfigurationPlatforms) = preSolution
		Debug|Any CPU = Debug|Any CPU
		Release|Any CPU = Release|Any CPU
	EndGlobalSection
	GlobalSection(ProjectConfigurationPlatforms) = postSolution
		{EEE463C5-5E1E-4B21-8664-80AD867D95DE}.Debug|Any CPU.ActiveCfg = Debug|Any CPU
		{EEE463C5-5E1E-4B21-8664-80AD867D95DE}.Debug|Any CPU.Build.0 = Debug|Any CPU
		{EEE463C5-5E1E-4B21-8664-80AD867D95DE}.Release|Any CPU.ActiveCfg = Release|Any CPU
		{EEE463C5-5E1E-4B21-8664-80AD867D95DE}.Release|Any CPU.Build.0 = Release|Any CPU
	EndGlobalSection
	GlobalSection(SolutionProperties) = preSolution
		HideSolutionNode = FALSE
	EndGlobalSection
	GlobalSection(ExtensibilityGlobals) = postSolution
		SolutionGuid = {A604355F-038B-4A93-B4B0-4C18FBBAE8B1}
	EndGlobalSection
EndGlobal
